
Microsoft Visual Studio Solution File, Format Version 12.00
# Visual Studio 15
VisualStudioVersion = 15.0.27428.2037
MinimumVisualStudioVersion = 10.0.40219.1
Project("{FAE04EC0-301F-11D3-BF4B-00C04F79EFBC}") = "Question_Answer_Console_App", "Question_Answer_Console_App\Question_Answer_Console_App.csproj", "{54D741E5-A285-4205-B7C2-0D695C184B5E}"
EndProject
Global
	GlobalSection(SolutionConfigurationPlatforms) = preSolution
		Debug|Any CPU = Debug|Any CPU
		Release|Any CPU = Release|Any CPU
	EndGlobalSection
	GlobalSection(ProjectConfigurationPlatforms) = postSolution
		{54D741E5-A285-4205-B7C2-0D695C184B5E}.Debug|Any CPU.ActiveCfg = Debug|Any CPU
		{54D741E5-A285-4205-B7C2-0D695C184B5E}.Debug|Any CPU.Build.0 = Debug|Any CPU
		{54D741E5-A285-4205-B7C2-0D695C184B5E}.Release|Any CPU.ActiveCfg = Release|Any CPU
		{54D741E5-A285-4205-B7C2-0D695C184B5E}.Release|Any CPU.Build.0 = Release|Any CPU
	EndGlobalSection
	GlobalSection(SolutionProperties) = preSolution
		HideSolutionNode = FALSE
	EndGlobalSection
	GlobalSection(ExtensibilityGlobals) = postSolution
		SolutionGuid = {F0992756-0EAF-4B7C-B42A-34845D23808D}
	EndGlobalSection
EndGlobal
